PODS:
  - Flutter (1.0.0)
  - flutter_bridge (0.0.1):
    - Flutter

DEPENDENCIES:
  - Flutter (from `Flutter`)
  - flutter_bridge (from `.symlinks/plugins/flutter_bridge/ios`)

EXTERNAL SOURCES:
  Flutter:
    :path: Flutter
  flutter_bridge:
    :path: ".symlinks/plugins/flutter_bridge/ios"

SPEC CHECKSUMS:
  Flutter: 0e3d915762c693b495b44d77113d4970485de6ec
  flutter_bridge: 4066f67ebb00dd5dde14c9effe386aef9ac74bfd

PODFILE CHECKSUM: f32fb4e7c14f8b3ca19a369d7be425dd9241af27

COCOAPODS: 1.11.2
